{
  "name": "node-traning",
  "version": "1.0.0",
  "lockfileVersion": 3,
  "requires": true,
  "packages": {
    "": {
      "name": "node-traning",
      "version": "1.0.0",
      "license": "ISC",
      "dependencies": {
        "random-elements-array": "^0.1.0",
        "random-number": "^0.0.9"
      }
    },
    "node_modules/random-elements-array": {
      "version": "0.1.0",
      "resolved": "https://registry.npmjs.org/random-elements-array/-/random-elements-array-0.1.0.tgz",
      "integrity": "sha512-zlHwgbJM8HRyy0+Pqu+8eU/3VJgWTlPwNMYOMX9yNO5Q407PRuGinoN3RpltYtabv/7XNCHpY5n2pNmuUshraA=="
    },
    "node_modules/random-number": {
      "version": "0.0.9",
      "resolved": "https://registry.npmjs.org/random-number/-/random-number-0.0.9.tgz",
      "integrity": "sha512-ipG3kRCREi/YQpi2A5QGcvDz1KemohovWmH6qGfboVyyGdR2t/7zQz0vFxrfxpbHQgPPdtVlUDaks3aikD1Ljw=="
    }
  }
}
